
Microsoft Visual Studio Solution File, Format Version 12.00
# Visual Studio Version 17
VisualStudioVersion = 17.3.32929.385
MinimumVisualStudioVersion = 10.0.40219.1
Project("{FAE04EC0-301F-11D3-BF4B-00C04F79EFBC}") = "HotCat-Proje", "HotCat-Proje\HotCat-Proje.csproj", "{50E282E2-C5FB-4586-BFBA-8BF321E759DF}"
EndProject
Global
	GlobalSection(SolutionConfigurationPlatforms) = preSolution
		Debug|Any CPU = Debug|Any CPU
		Release|Any CPU = Release|Any CPU
	EndGlobalSection
	GlobalSection(ProjectConfigurationPlatforms) = postSolution
		{50E282E2-C5FB-4586-BFBA-8BF321E759DF}.Debug|Any CPU.ActiveCfg = Debug|Any CPU
		{50E282E2-C5FB-4586-BFBA-8BF321E759DF}.Debug|Any CPU.Build.0 = Debug|Any CPU
		{50E282E2-C5FB-4586-BFBA-8BF321E759DF}.Release|Any CPU.ActiveCfg = Release|Any CPU
		{50E282E2-C5FB-4586-BFBA-8BF321E759DF}.Release|Any CPU.Build.0 = Release|Any CPU
	EndGlobalSection
	GlobalSection(SolutionProperties) = preSolution
		HideSolutionNode = FALSE
	EndGlobalSection
	GlobalSection(ExtensibilityGlobals) = postSolution
		SolutionGuid = {7A598091-CFC2-4968-A95D-F83B779478A4}
	EndGlobalSection
EndGlobal
